
Microsoft Visual Studio Solution File, Format Version 12.00
# Visual Studio 14
VisualStudioVersion = 14.0.25420.1
MinimumVisualStudioVersion = 10.0.40219.1
Project("{E24C65DC-7377-472B-9ABA-BC803B73C61A}") = "WCFServiceMyAgenda", "..\WebSites\WCFServiceMyAgenda\", "{EB54A42A-1E4A-494B-87ED-C41CD230D5D9}"
	ProjectSection(WebsiteProperties) = preProject
		TargetFrameworkMoniker = ".NETFramework,Version%3Dv4.5"
		Debug.AspNetCompiler.VirtualPath = "/localhost_6812"
		Debug.AspNetCompiler.PhysicalPath = "..\WebSites\WCFServiceMyAgenda\"
		Debug.AspNetCompiler.TargetPath = "PrecompiledWeb\localhost_6812\"
		Debug.AspNetCompiler.Updateable = "true"
		Debug.AspNetCompiler.ForceOverwrite = "true"
		Debug.AspNetCompiler.FixedNames = "false"
		Debug.AspNetCompiler.Debug = "True"
		Release.AspNetCompiler.VirtualPath = "/localhost_6812"
		Release.AspNetCompiler.PhysicalPath = "..\WebSites\WCFServiceMyAgenda\"
		Release.AspNetCompiler.TargetPath = "PrecompiledWeb\localhost_6812\"
		Release.AspNetCompiler.Updateable = "true"
		Release.AspNetCompiler.ForceOverwrite = "true"
		Release.AspNetCompiler.FixedNames = "false"
		Release.AspNetCompiler.Debug = "False"
		VWDPort = "6812"
		SlnRelativePath = "..\WebSites\WCFServiceMyAgenda\"
		DefaultWebSiteLanguage = "Visual C#"
	EndProjectSection
EndProject
Global
	GlobalSection(SolutionConfigurationPlatforms) = preSolution
		Debug|Any CPU = Debug|Any CPU
	EndGlobalSection
	GlobalSection(ProjectConfigurationPlatforms) = postSolution
		{EB54A42A-1E4A-494B-87ED-C41CD230D5D9}.Debug|Any CPU.ActiveCfg = Debug|Any CPU
		{EB54A42A-1E4A-494B-87ED-C41CD230D5D9}.Debug|Any CPU.Build.0 = Debug|Any CPU
	EndGlobalSection
	GlobalSection(SolutionProperties) = preSolution
		HideSolutionNode = FALSE
	EndGlobalSection
EndGlobal
